
Microsoft Visual Studio Solution File, Format Version 12.00
# Visual Studio Version 17
VisualStudioVersion = 17.8.0.0
MinimumVisualStudioVersion = 17.8.0.0
Project("{9A19103F-16F7-4668-BE54-9A1E7A4F7556}") = "EatMe.AppHost", "EatMe.AppHost\EatMe.AppHost.csproj", "{ED941485-636B-4A5F-9CF8-1136CB8D758F}"
EndProject
Project("{9A19103F-16F7-4668-BE54-9A1E7A4F7556}") = "EatMe.ServiceDefaults", "EatMe.ServiceDefaults\EatMe.ServiceDefaults.csproj", "{48ED54F5-FBD7-47BC-A47C-ECDDC9D9C123}"
EndProject
Project("{9A19103F-16F7-4668-BE54-9A1E7A4F7556}") = "EatMe.ApiService", "EatMe.ApiService\EatMe.ApiService.csproj", "{C457AA90-73AF-415A-8313-1B347C301CB2}"
EndProject
Project("{9A19103F-16F7-4668-BE54-9A1E7A4F7556}") = "EatMe.Web", "EatMe.Web\EatMe.Web.csproj", "{1F0857F0-1A27-420E-AA34-5914AF8A4A8C}"
EndProject
Project("{FAE04EC0-301F-11D3-BF4B-00C04F79EFBC}") = "EatMe.Tests", "EatMe.Tests\EatMe.Tests.csproj", "{9A9CDD63-C700-4A40-971D-C06B9D40132E}"
EndProject
Global
	GlobalSection(SolutionConfigurationPlatforms) = preSolution
		Debug|Any CPU = Debug|Any CPU
		Debug|x64 = Debug|x64
		Debug|x86 = Debug|x86
		Release|Any CPU = Release|Any CPU
		Release|x64 = Release|x64
		Release|x86 = Release|x86
	EndGlobalSection
	GlobalSection(ProjectConfigurationPlatforms) = postSolution
		{ED941485-636B-4A5F-9CF8-1136CB8D758F}.Debug|Any CPU.ActiveCfg = Debug|Any CPU
		{ED941485-636B-4A5F-9CF8-1136CB8D758F}.Debug|Any CPU.Build.0 = Debug|Any CPU
		{ED941485-636B-4A5F-9CF8-1136CB8D758F}.Debug|x64.ActiveCfg = Debug|Any CPU
		{ED941485-636B-4A5F-9CF8-1136CB8D758F}.Debug|x64.Build.0 = Debug|Any CPU
		{ED941485-636B-4A5F-9CF8-1136CB8D758F}.Debug|x86.ActiveCfg = Debug|Any CPU
		{ED941485-636B-4A5F-9CF8-1136CB8D758F}.Debug|x86.Build.0 = Debug|Any CPU
		{ED941485-636B-4A5F-9CF8-1136CB8D758F}.Release|Any CPU.ActiveCfg = Release|Any CPU
		{ED941485-636B-4A5F-9CF8-1136CB8D758F}.Release|Any CPU.Build.0 = Release|Any CPU
		{ED941485-636B-4A5F-9CF8-1136CB8D758F}.Release|x64.ActiveCfg = Release|Any CPU
		{ED941485-636B-4A5F-9CF8-1136CB8D758F}.Release|x64.Build.0 = Release|Any CPU
		{ED941485-636B-4A5F-9CF8-1136CB8D758F}.Release|x86.ActiveCfg = Release|Any CPU
		{ED941485-636B-4A5F-9CF8-1136CB8D758F}.Release|x86.Build.0 = Release|Any CPU
		{48ED54F5-FBD7-47BC-A47C-ECDDC9D9C123}.Debug|Any CPU.ActiveCfg = Debug|Any CPU
		{48ED54F5-FBD7-47BC-A47C-ECDDC9D9C123}.Debug|Any CPU.Build.0 = Debug|Any CPU
		{48ED54F5-FBD7-47BC-A47C-ECDDC9D9C123}.Debug|x64.ActiveCfg = Debug|Any CPU
		{48ED54F5-FBD7-47BC-A47C-ECDDC9D9C123}.Debug|x64.Build.0 = Debug|Any CPU
		{48ED54F5-FBD7-47BC-A47C-ECDDC9D9C123}.Debug|x86.ActiveCfg = Debug|Any CPU
		{48ED54F5-FBD7-47BC-A47C-ECDDC9D9C123}.Debug|x86.Build.0 = Debug|Any CPU
		{48ED54F5-FBD7-47BC-A47C-ECDDC9D9C123}.Release|Any CPU.ActiveCfg = Release|Any CPU
		{48ED54F5-FBD7-47BC-A47C-ECDDC9D9C123}.Release|Any CPU.Build.0 = Release|Any CPU
		{48ED54F5-FBD7-47BC-A47C-ECDDC9D9C123}.Release|x64.ActiveCfg = Release|Any CPU
		{48ED54F5-FBD7-47BC-A47C-ECDDC9D9C123}.Release|x64.Build.0 = Release|Any CPU
		{48ED54F5-FBD7-47BC-A47C-ECDDC9D9C123}.Release|x86.ActiveCfg = Release|Any CPU
		{48ED54F5-FBD7-47BC-A47C-ECDDC9D9C123}.Release|x86.Build.0 = Release|Any CPU
		{C457AA90-73AF-415A-8313-1B347C301CB2}.Debug|Any CPU.ActiveCfg = Debug|Any CPU
		{C457AA90-73AF-415A-8313-1B347C301CB2}.Debug|Any CPU.Build.0 = Debug|Any CPU
		{C457AA90-73AF-415A-8313-1B347C301CB2}.Debug|x64.ActiveCfg = Debug|Any CPU
		{C457AA90-73AF-415A-8313-1B347C301CB2}.Debug|x64.Build.0 = Debug|Any CPU
		{C457AA90-73AF-415A-8313-1B347C301CB2}.Debug|x86.ActiveCfg = Debug|Any CPU
		{C457AA90-73AF-415A-8313-1B347C301CB2}.Debug|x86.Build.0 = Debug|Any CPU
		{C457AA90-73AF-415A-8313-1B347C301CB2}.Release|Any CPU.ActiveCfg = Release|Any CPU
		{C457AA90-73AF-415A-8313-1B347C301CB2}.Release|Any CPU.Build.0 = Release|Any CPU
		{C457AA90-73AF-415A-8313-1B347C301CB2}.Release|x64.ActiveCfg = Release|Any CPU
		{C457AA90-73AF-415A-8313-1B347C301CB2}.Release|x64.Build.0 = Release|Any CPU
		{C457AA90-73AF-415A-8313-1B347C301CB2}.Release|x86.ActiveCfg = Release|Any CPU
		{C457AA90-73AF-415A-8313-1B347C301CB2}.Release|x86.Build.0 = Release|Any CPU
		{1F0857F0-1A27-420E-AA34-5914AF8A4A8C}.Debug|Any CPU.ActiveCfg = Debug|Any CPU
		{1F0857F0-1A27-420E-AA34-5914AF8A4A8C}.Debug|Any CPU.Build.0 = Debug|Any CPU
		{1F0857F0-1A27-420E-AA34-5914AF8A4A8C}.Debug|x64.ActiveCfg = Debug|Any CPU
		{1F0857F0-1A27-420E-AA34-5914AF8A4A8C}.Debug|x64.Build.0 = Debug|Any CPU
		{1F0857F0-1A27-420E-AA34-5914AF8A4A8C}.Debug|x86.ActiveCfg = Debug|Any CPU
		{1F0857F0-1A27-420E-AA34-5914AF8A4A8C}.Debug|x86.Build.0 = Debug|Any CPU
		{1F0857F0-1A27-420E-AA34-5914AF8A4A8C}.Release|Any CPU.ActiveCfg = Release|Any CPU
		{1F0857F0-1A27-420E-AA34-5914AF8A4A8C}.Release|Any CPU.Build.0 = Release|Any CPU
		{1F0857F0-1A27-420E-AA34-5914AF8A4A8C}.Release|x64.ActiveCfg = Release|Any CPU
		{1F0857F0-1A27-420E-AA34-5914AF8A4A8C}.Release|x64.Build.0 = Release|Any CPU
		{1F0857F0-1A27-420E-AA34-5914AF8A4A8C}.Release|x86.ActiveCfg = Release|Any CPU
		{1F0857F0-1A27-420E-AA34-5914AF8A4A8C}.Release|x86.Build.0 = Release|Any CPU
		{9A9CDD63-C700-4A40-971D-C06B9D40132E}.Debug|Any CPU.ActiveCfg = Debug|Any CPU
		{9A9CDD63-C700-4A40-971D-C06B9D40132E}.Debug|Any CPU.Build.0 = Debug|Any CPU
		{9A9CDD63-C700-4A40-971D-C06B9D40132E}.Debug|x64.ActiveCfg = Debug|Any CPU
		{9A9CDD63-C700-4A40-971D-C06B9D40132E}.Debug|x64.Build.0 = Debug|Any CPU
		{9A9CDD63-C700-4A40-971D-C06B9D40132E}.Debug|x86.ActiveCfg = Debug|Any CPU
		{9A9CDD63-C700-4A40-971D-C06B9D40132E}.Debug|x86.Build.0 = Debug|Any CPU
		{9A9CDD63-C700-4A40-971D-C06B9D40132E}.Release|Any CPU.ActiveCfg = Release|Any CPU
		{9A9CDD63-C700-4A40-971D-C06B9D40132E}.Release|Any CPU.Build.0 = Release|Any CPU
		{9A9CDD63-C700-4A40-971D-C06B9D40132E}.Release|x64.ActiveCfg = Release|Any CPU
		{9A9CDD63-C700-4A40-971D-C06B9D40132E}.Release|x64.Build.0 = Release|Any CPU
		{9A9CDD63-C700-4A40-971D-C06B9D40132E}.Release|x86.ActiveCfg = Release|Any CPU
		{9A9CDD63-C700-4A40-971D-C06B9D40132E}.Release|x86.Build.0 = Release|Any CPU
	EndGlobalSection
	GlobalSection(SolutionProperties) = preSolution
		HideSolutionNode = FALSE
	EndGlobalSection
	GlobalSection(ExtensibilityGlobals) = postSolution
		SolutionGuid = {E2C14CA7-6493-4A78-BF65-7D0705510CC1}
	EndGlobalSection
EndGlobal
